schema: '2.0'
stages:
  Flat_cleaning:
    cmd: python src/data/Flat_cleaning.py
    deps:
    - path: src/data/Flat_cleaning.py
      hash: md5
      md5: e64d79650f7615d99660cb2c5143299f
      size: 5779
    outs:
    - path: data/flat_clean
      hash: md5
      md5: 7ad504f686613e1096c4021f859b5748.dir
      size: 5144351
      nfiles: 1
